
Microsoft Visual Studio Solution File, Format Version 12.00
# Visual Studio Version 17
VisualStudioVersion = 17.13.35825.156 d17.13
MinimumVisualStudioVersion = 10.0.40219.1
Project("{8BC9CEB8-8B4A-11D0-8D11-00A0C91BC942}") = "TAD Coada", "TAD Coada\TAD Coada.vcxproj", "{99625C5A-0BB9-42F8-9435-DE7ED4CAA6E3}"
EndProject
Global
	GlobalSection(SolutionConfigurationPlatforms) = preSolution
		Debug|x64 = Debug|x64
		Debug|x86 = Debug|x86
		Release|x64 = Release|x64
		Release|x86 = Release|x86
	EndGlobalSection
	GlobalSection(ProjectConfigurationPlatforms) = postSolution
		{99625C5A-0BB9-42F8-9435-DE7ED4CAA6E3}.Debug|x64.ActiveCfg = Debug|x64
		{99625C5A-0BB9-42F8-9435-DE7ED4CAA6E3}.Debug|x64.Build.0 = Debug|x64
		{99625C5A-0BB9-42F8-9435-DE7ED4CAA6E3}.Debug|x86.ActiveCfg = Debug|Win32
		{99625C5A-0BB9-42F8-9435-DE7ED4CAA6E3}.Debug|x86.Build.0 = Debug|Win32
		{99625C5A-0BB9-42F8-9435-DE7ED4CAA6E3}.Release|x64.ActiveCfg = Release|x64
		{99625C5A-0BB9-42F8-9435-DE7ED4CAA6E3}.Release|x64.Build.0 = Release|x64
		{99625C5A-0BB9-42F8-9435-DE7ED4CAA6E3}.Release|x86.ActiveCfg = Release|Win32
		{99625C5A-0BB9-42F8-9435-DE7ED4CAA6E3}.Release|x86.Build.0 = Release|Win32
	EndGlobalSection
	GlobalSection(SolutionProperties) = preSolution
		HideSolutionNode = FALSE
	EndGlobalSection
	GlobalSection(ExtensibilityGlobals) = postSolution
		SolutionGuid = {154DCA4C-11E0-4ADA-BA22-B3B8738A4450}
	EndGlobalSection
EndGlobal
